<?xml version="1.0" encoding="UTF-8" standalone="yes" ?>
<CodeBlocks_project_file>
	<FileVersion major="1" minor="6" />
	<Project>
		<Option title="Clinc" />
		<Option makefile_is_custom="1" />
		<Option compiler="gcc" />
		<Option virtualFolders="CMake Files/" />
		<Build>
			<Target title="all">
				<Option output="main.exe" prefix_auto="0" extension_auto="0" />
				<Option object_output="/home/ezz/Clinic-System/.build/.objs" />
				<Option type="1" />
				<Option compiler="gcc" />
				<MakeCommands>
					<Build command='/usr/bin/make -f &quot;/home/ezz/Clinic-System/.build/Makefile&quot;  VERBOSE=1 all' />
					<CompileFile command='/usr/bin/make -f &quot;/home/ezz/Clinic-System/.build/Makefile&quot;  VERBOSE=1 &quot;$file&quot;' />
					<Clean command='/usr/bin/make -f &quot;/home/ezz/Clinic-System/.build/Makefile&quot;  VERBOSE=1 clean' />
					<DistClean command='/usr/bin/make -f &quot;/home/ezz/Clinic-System/.build/Makefile&quot;  VERBOSE=1 clean' />
					<AskRebuildNeeded command="$make -q -f $makefile $target" />
					<SilentBuild command="$make -f $makefile $target &gt; $(CMD_NULL)" />
				</MakeCommands>
			</Target>
			<Target title="main_library">
				<Option output="/home/ezz/Clinic-System/.build/libmain_library.a" prefix_auto="0" extension_auto="0" />
				<Option working_dir="" />
				<Option object_output="./" />
				<Option type="2" />
				<Option compiler="gcc" />
				<Compiler>
					<Add directory="/home/ezz/Clinic-System/include" />
				</Compiler>
				<MakeCommands>
					<Build command='/usr/bin/make -f &quot;/home/ezz/Clinic-System/.build/Makefile&quot;  VERBOSE=1 main_library' />
					<CompileFile command='/usr/bin/make -f &quot;/home/ezz/Clinic-System/.build/Makefile&quot;  VERBOSE=1 &quot;$file&quot;' />
					<Clean command='/usr/bin/make -f &quot;/home/ezz/Clinic-System/.build/Makefile&quot;  VERBOSE=1 clean' />
					<DistClean command='/usr/bin/make -f &quot;/home/ezz/Clinic-System/.build/Makefile&quot;  VERBOSE=1 clean' />
					<AskRebuildNeeded command="$make -q -f $makefile $target" />
					<SilentBuild command="$make -f $makefile $target &gt; $(CMD_NULL)" />
				</MakeCommands>
			</Target>
			<Target title="main_library/fast">
				<Option output="/home/ezz/Clinic-System/.build/libmain_library.a" prefix_auto="0" extension_auto="0" />
				<Option working_dir="" />
				<Option object_output="./" />
				<Option type="2" />
				<Option compiler="gcc" />
				<Compiler>
					<Add directory="/home/ezz/Clinic-System/include" />
				</Compiler>
				<MakeCommands>
					<Build command='/usr/bin/make -f &quot;/home/ezz/Clinic-System/.build/Makefile&quot;  VERBOSE=1 main_library/fast' />
					<CompileFile command='/usr/bin/make -f &quot;/home/ezz/Clinic-System/.build/Makefile&quot;  VERBOSE=1 &quot;$file&quot;' />
					<Clean command='/usr/bin/make -f &quot;/home/ezz/Clinic-System/.build/Makefile&quot;  VERBOSE=1 clean' />
					<DistClean command='/usr/bin/make -f &quot;/home/ezz/Clinic-System/.build/Makefile&quot;  VERBOSE=1 clean' />
					<AskRebuildNeeded command="$make -q -f $makefile $target" />
					<SilentBuild command="$make -f $makefile $target &gt; $(CMD_NULL)" />
				</MakeCommands>
			</Target>
			<Target title="main">
				<Option output="/home/ezz/Clinic-System/.build/main" prefix_auto="0" extension_auto="0" />
				<Option working_dir="/home/ezz/Clinic-System/.build" />
				<Option object_output="./" />
				<Option type="1" />
				<Option compiler="gcc" />
				<Compiler>
					<Add directory="/home/ezz/Clinic-System/include" />
				</Compiler>
				<MakeCommands>
					<Build command='/usr/bin/make -f &quot;/home/ezz/Clinic-System/.build/Makefile&quot;  VERBOSE=1 main' />
					<CompileFile command='/usr/bin/make -f &quot;/home/ezz/Clinic-System/.build/Makefile&quot;  VERBOSE=1 &quot;$file&quot;' />
					<Clean command='/usr/bin/make -f &quot;/home/ezz/Clinic-System/.build/Makefile&quot;  VERBOSE=1 clean' />
					<DistClean command='/usr/bin/make -f &quot;/home/ezz/Clinic-System/.build/Makefile&quot;  VERBOSE=1 clean' />
					<AskRebuildNeeded command="$make -q -f $makefile $target" />
					<SilentBuild command="$make -f $makefile $target &gt; $(CMD_NULL)" />
				</MakeCommands>
			</Target>
			<Target title="main/fast">
				<Option output="/home/ezz/Clinic-System/.build/main" prefix_auto="0" extension_auto="0" />
				<Option working_dir="/home/ezz/Clinic-System/.build" />
				<Option object_output="./" />
				<Option type="1" />
				<Option compiler="gcc" />
				<Compiler>
					<Add directory="/home/ezz/Clinic-System/include" />
				</Compiler>
				<MakeCommands>
					<Build command='/usr/bin/make -f &quot;/home/ezz/Clinic-System/.build/Makefile&quot;  VERBOSE=1 main/fast' />
					<CompileFile command='/usr/bin/make -f &quot;/home/ezz/Clinic-System/.build/Makefile&quot;  VERBOSE=1 &quot;$file&quot;' />
					<Clean command='/usr/bin/make -f &quot;/home/ezz/Clinic-System/.build/Makefile&quot;  VERBOSE=1 clean' />
					<DistClean command='/usr/bin/make -f &quot;/home/ezz/Clinic-System/.build/Makefile&quot;  VERBOSE=1 clean' />
					<AskRebuildNeeded command="$make -q -f $makefile $target" />
					<SilentBuild command="$make -f $makefile $target &gt; $(CMD_NULL)" />
				</MakeCommands>
			</Target>
			<Target title="edit_cache">
				<Option type="4" />
				<Option compiler="gcc" />
				<MakeCommands>
					<Build command='/usr/bin/make -f &quot;/home/ezz/Clinic-System/.build/Makefile&quot;  VERBOSE=1 edit_cache' />
					<CompileFile command='/usr/bin/make -f &quot;/home/ezz/Clinic-System/.build/Makefile&quot;  VERBOSE=1 &quot;$file&quot;' />
					<Clean command='/usr/bin/make -f &quot;/home/ezz/Clinic-System/.build/Makefile&quot;  VERBOSE=1 clean' />
					<DistClean command='/usr/bin/make -f &quot;/home/ezz/Clinic-System/.build/Makefile&quot;  VERBOSE=1 clean' />
					<AskRebuildNeeded command="$make -q -f $makefile $target" />
					<SilentBuild command="$make -f $makefile $target &gt; $(CMD_NULL)" />
				</MakeCommands>
			</Target>
			<Target title="rebuild_cache">
				<Option type="4" />
				<Option compiler="gcc" />
				<MakeCommands>
					<Build command='/usr/bin/make -f &quot;/home/ezz/Clinic-System/.build/Makefile&quot;  VERBOSE=1 rebuild_cache' />
					<CompileFile command='/usr/bin/make -f &quot;/home/ezz/Clinic-System/.build/Makefile&quot;  VERBOSE=1 &quot;$file&quot;' />
					<Clean command='/usr/bin/make -f &quot;/home/ezz/Clinic-System/.build/Makefile&quot;  VERBOSE=1 clean' />
					<DistClean command='/usr/bin/make -f &quot;/home/ezz/Clinic-System/.build/Makefile&quot;  VERBOSE=1 clean' />
					<AskRebuildNeeded command="$make -q -f $makefile $target" />
					<SilentBuild command="$make -f $makefile $target &gt; $(CMD_NULL)" />
				</MakeCommands>
			</Target>
		</Build>
		<Unit filename="../CMakeLists.txt">
			<Option virtualFolder="CMake Files/" />
		</Unit>
		<Unit filename="../include/Cash.h" />
		<Unit filename="../include/Check.h" />
		<Unit filename="../include/Credit.h" />
		<Unit filename="../include/Medcin.h" />
		<Unit filename="../include/Medical_Insurance.h" />
		<Unit filename="../include/Medical_Specialization.h" />
		<Unit filename="../include/Order.h" />
		<Unit filename="../include/OrderItem.h" />
		<Unit filename="../include/Payment.h" />
		<Unit filename="../include/Stock.h" />
		<Unit filename="../include/Transaction.h" />
		<Unit filename="../include/admin.h" />
		<Unit filename="../include/appointment.h" />
		<Unit filename="../include/doctor.h" />
		<Unit filename="../include/other.h" />
		<Unit filename="../include/patient.h" />
		<Unit filename="../include/person.h" />
		<Unit filename="../include/prescription.h" />
		<Unit filename="../main.cpp">
			<Option target="main" />
		</Unit>
		<Unit filename="../src/Cash.cpp">
			<Option target="main_library" />
		</Unit>
		<Unit filename="../src/Check.cpp">
			<Option target="main_library" />
		</Unit>
		<Unit filename="../src/Credit.cpp">
			<Option target="main_library" />
		</Unit>
		<Unit filename="../src/Medcin.cpp">
			<Option target="main_library" />
		</Unit>
		<Unit filename="../src/Medical_Insurance.cpp">
			<Option target="main_library" />
		</Unit>
		<Unit filename="../src/Medical_Specialization.cpp">
			<Option target="main_library" />
		</Unit>
		<Unit filename="../src/Order.cpp">
			<Option target="main_library" />
		</Unit>
		<Unit filename="../src/OrderItem.cpp">
			<Option target="main_library" />
		</Unit>
		<Unit filename="../src/Payment.cpp">
			<Option target="main_library" />
		</Unit>
		<Unit filename="../src/Stock.cpp">
			<Option target="main_library" />
		</Unit>
		<Unit filename="../src/Transaction.cpp">
			<Option target="main_library" />
		</Unit>
		<Unit filename="../src/admin.cpp">
			<Option target="main_library" />
		</Unit>
		<Unit filename="../src/appointment.cpp">
			<Option target="main_library" />
		</Unit>
		<Unit filename="../src/doctor.cpp">
			<Option target="main_library" />
		</Unit>
		<Unit filename="../src/other.cpp">
			<Option target="main_library" />
		</Unit>
		<Unit filename="../src/patient.cpp">
			<Option target="main_library" />
		</Unit>
		<Unit filename="../src/person.cpp">
			<Option target="main_library" />
		</Unit>
		<Unit filename="../src/prescription.cpp">
			<Option target="main_library" />
		</Unit>
		<Extensions />
	</Project>
</CodeBlocks_project_file>
